{
    "_readme": [
        "This file locks the dependencies of your project to a known state",
        "Read more about it at https://getcomposer.org/doc/01-basic-usage.md#installing-dependencies",
        "This file is @generated automatically"
    ],
    "content-hash": "2fe692d21c3c2885ba5f658a3e1af5e8",
    "packages": [
        {
            "name": "flow/jsonpath",
            "version": "dev-master",
            "source": {
                "type": "git",
                "url": "https://github.com/FlowCommunications/JSONPath.git",
                "reference": "2909fcad962cd933dfe392febda53eee54e81235"
            },
            "dist": {
                "type": "zip",
                "url": "https://api.github.com/repos/FlowCommunications/JSONPath/zipball/2909fcad962cd933dfe392febda53eee54e81235",
                "reference": "2909fcad962cd933dfe392febda53eee54e81235",
                "shasum": ""
            },
            "require": {
                "php": ">=5.4.0"
            },
            "require-dev": {
                "peekmo/jsonpath": "dev-master",
                "phpunit/phpunit": "^4.0"
            },
            "type": "library",
            "autoload": {
                "psr-0": {
                    "Flow\\JSONPath": "src/",
                    "Flow\\JSONPath\\Test": "tests/"
                }
            },
            "notification-url": "https://packagist.org/downloads/",
            "license": [
                "MIT"
            ],
            "authors": [
                {
                    "name": "Stephen Frank",
                    "email": "stephen@flowsa.com"
                }
            ],
            "description": "JSONPath implementation for parsing, searching and flattening arrays",
            "time": "2018-03-04T16:41:37+00:00"
        }
    ],
    "packages-dev": [],
    "aliases": [],
    "minimum-stability": "stable",
    "stability-flags": {
        "flow/jsonpath": 20
    },
    "prefer-stable": false,
    "prefer-lowest": false,
    "platform": [],
    "platform-dev": []
}
